
Microsoft Visual Studio Solution File, Format Version 12.00
# Visual Studio Version 17
VisualStudioVersion = 17.4.33213.308
MinimumVisualStudioVersion = 10.0.40219.1
Project("{FAE04EC0-301F-11D3-BF4B-00C04F79EFBC}") = "InvenLock", "InvenLock\InvenLock.csproj", "{A840A45A-FDD1-4E74-B642-4641875E817A}"
EndProject
Global
	GlobalSection(SolutionConfigurationPlatforms) = preSolution
		Debug|Any CPU = Debug|Any CPU
		Release|Any CPU = Release|Any CPU
	EndGlobalSection
	GlobalSection(ProjectConfigurationPlatforms) = postSolution
		{A840A45A-FDD1-4E74-B642-4641875E817A}.Debug|Any CPU.ActiveCfg = Debug|Any CPU
		{A840A45A-FDD1-4E74-B642-4641875E817A}.Debug|Any CPU.Build.0 = Debug|Any CPU
		{A840A45A-FDD1-4E74-B642-4641875E817A}.Release|Any CPU.ActiveCfg = Release|Any CPU
		{A840A45A-FDD1-4E74-B642-4641875E817A}.Release|Any CPU.Build.0 = Release|Any CPU
	EndGlobalSection
	GlobalSection(SolutionProperties) = preSolution
		HideSolutionNode = FALSE
	EndGlobalSection
	GlobalSection(ExtensibilityGlobals) = postSolution
		SolutionGuid = {8EB0328C-21C3-410B-BF0B-B6AD1913744E}
	EndGlobalSection
EndGlobal
